{
  "nodes": {
    "flake-utils": {
      "locked": {
        "lastModified": 1638122382,
        "narHash": "sha256-sQzZzAbvKEqN9s0bzWuYmRaA03v40gaJ4+iL1LXjaeI=",
        "owner": "numtide",
        "repo": "flake-utils",
        "rev": "74f7e4319258e287b0f9cb95426c9853b282730b",
        "type": "github"
      },
      "original": {
        "owner": "numtide",
        "repo": "flake-utils",
        "type": "github"
      }
    },
    "flake-utils_2": {
      "locked": {
        "lastModified": 1629481132,
        "narHash": "sha256-JHgasjPR0/J1J3DRm4KxM4zTyAj4IOJY8vIl75v/kPI=",
        "owner": "numtide",
        "repo": "flake-utils",
        "rev": "997f7efcb746a9c140ce1f13c72263189225f482",
        "type": "github"
      },
      "original": {
        "owner": "numtide",
        "repo": "flake-utils",
        "type": "github"
      }
    },
    "nixpkgs": {
      "locked": {
        "lastModified": 1639837534,
        "narHash": "sha256-zAZoVtvVfrs41e+kEEumyptQ4DOkcXQIYgxmaJ51+hs=",
        "owner": "nixos",
        "repo": "nixpkgs",
        "rev": "e1f9e754a40b645a39f6592d45df943cb5f59dcf",
        "type": "github"
      },
      "original": {
        "owner": "nixos",
        "ref": "nixpkgs-unstable",
        "repo": "nixpkgs",
        "type": "github"
      }
    },
    "nixpkgs_2": {
      "locked": {
        "lastModified": 1631288242,
        "narHash": "sha256-sXm4KiKs7qSIf5oTAmrlsEvBW193sFj+tKYVirBaXz0=",
        "owner": "NixOS",
        "repo": "nixpkgs",
        "rev": "0e24c87754430cb6ad2f8c8c8021b29834a8845e",
        "type": "github"
      },
      "original": {
        "owner": "NixOS",
        "ref": "nixpkgs-unstable",
        "repo": "nixpkgs",
        "type": "github"
      }
    },
    "root": {
      "inputs": {
        "flake-utils": "flake-utils",
        "nixpkgs": "nixpkgs",
        "zig": "zig"
      }
    },
    "zig": {
      "inputs": {
        "flake-utils": "flake-utils_2",
        "nixpkgs": "nixpkgs_2"
      },
      "locked": {
        "lastModified": 1639873755,
        "narHash": "sha256-Wk2Rh2Ea1CsYKs0VKu9qGw+ntRyDNUSk9LOxQJSZfIo=",
        "owner": "arqv",
        "repo": "zig-overlay",
        "rev": "bc724f348d049f9b77aea08626b213a967d696ff",
        "type": "github"
      },
      "original": {
        "owner": "arqv",
        "repo": "zig-overlay",
        "type": "github"
      }
    }
  },
  "root": "root",
  "version": 7
}
